
Microsoft Visual Studio Solution File, Format Version 12.00
# Visual Studio Version 17
VisualStudioVersion = 17.9.34902.65
MinimumVisualStudioVersion = 10.0.40219.1
Project("{FAE04EC0-301F-11D3-BF4B-00C04F79EFBC}") = "CourseMessageProvider", "CourseMessageProvider\CourseMessageProvider.csproj", "{0ECC8714-C984-4318-903B-4500BCC92972}"
EndProject
Global
	GlobalSection(SolutionConfigurationPlatforms) = preSolution
		Debug|Any CPU = Debug|Any CPU
		Release|Any CPU = Release|Any CPU
	EndGlobalSection
	GlobalSection(ProjectConfigurationPlatforms) = postSolution
		{0ECC8714-C984-4318-903B-4500BCC92972}.Debug|Any CPU.ActiveCfg = Debug|Any CPU
		{0ECC8714-C984-4318-903B-4500BCC92972}.Debug|Any CPU.Build.0 = Debug|Any CPU
		{0ECC8714-C984-4318-903B-4500BCC92972}.Release|Any CPU.ActiveCfg = Release|Any CPU
		{0ECC8714-C984-4318-903B-4500BCC92972}.Release|Any CPU.Build.0 = Release|Any CPU
	EndGlobalSection
	GlobalSection(SolutionProperties) = preSolution
		HideSolutionNode = FALSE
	EndGlobalSection
	GlobalSection(ExtensibilityGlobals) = postSolution
		SolutionGuid = {81B67AE3-23DF-4C14-BDB3-C6507AAA3797}
	EndGlobalSection
EndGlobal
